
Microsoft Visual Studio Solution File, Format Version 12.00
# Visual Studio Version 17
VisualStudioVersion = 17.8.34408.163
MinimumVisualStudioVersion = 10.0.40219.1
Project("{FAE04EC0-301F-11D3-BF4B-00C04F79EFBC}") = "ThucHangWebNC_Buoi4", "ThucHangWebNC_Buoi4\ThucHangWebNC_Buoi4.csproj", "{9D192B01-E998-43B1-8EA1-B6B5D92B62E8}"
EndProject
Global
	GlobalSection(SolutionConfigurationPlatforms) = preSolution
		Debug|Any CPU = Debug|Any CPU
		Release|Any CPU = Release|Any CPU
	EndGlobalSection
	GlobalSection(ProjectConfigurationPlatforms) = postSolution
		{9D192B01-E998-43B1-8EA1-B6B5D92B62E8}.Debug|Any CPU.ActiveCfg = Debug|Any CPU
		{9D192B01-E998-43B1-8EA1-B6B5D92B62E8}.Debug|Any CPU.Build.0 = Debug|Any CPU
		{9D192B01-E998-43B1-8EA1-B6B5D92B62E8}.Release|Any CPU.ActiveCfg = Release|Any CPU
		{9D192B01-E998-43B1-8EA1-B6B5D92B62E8}.Release|Any CPU.Build.0 = Release|Any CPU
	EndGlobalSection
	GlobalSection(SolutionProperties) = preSolution
		HideSolutionNode = FALSE
	EndGlobalSection
	GlobalSection(ExtensibilityGlobals) = postSolution
		SolutionGuid = {E1A5758B-3986-40D2-8771-98F24AA2C8F3}
	EndGlobalSection
EndGlobal
